// !$*UTF8*$!
{
	archiveVersion = 1;
	classes = {
	};
	objectVersion = 56;
	objects = {

/* Begin PBXBuildFile section */
		3CF0DB4A29A8B4D200CE05E3 /* AppDelegate.swift in Sources */ = {isa = PBXBuildFile; fileRef = 3CF0DB4929A8B4D200CE05E3 /* AppDelegate.swift */; };
		3CF0DB4C29A8B4D200CE05E3 /* ViewController.swift in Sources */ = {isa = PBXBuildFile; fileRef = 3CF0DB4B29A8B4D200CE05E3 /* ViewController.swift */; };
		3CF0DB4E29A8B4D200CE05E3 /* Experience.rcproject in Sources */ = {isa = PBXBuildFile; fileRef = 3CF0DB4D29A8B4D200CE05E3 /* Experience.rcproject */; };
		3CF0DB5129A8B4D200CE05E3 /* Main.storyboard in Resources */ = {isa = PBXBuildFile; fileRef = 3CF0DB4F29A8B4D200CE05E3 /* Main.storyboard */; };
		3CF0DB5329A8B4D300CE05E3 /* Assets.xcassets in Resources */ = {isa = PBXBuildFile; fileRef = 3CF0DB5229A8B4D300CE05E3 /* Assets.xcassets */; };
		3CF0DB5629A8B4D300CE05E3 /* LaunchScreen.storyboard in Resources */ = {isa = PBXBuildFile; fileRef = 3CF0DB5429A8B4D300CE05E3 /* LaunchScreen.storyboard */; };
		3CF0DB7D29A8B5F800CE05E3 /* ARPositioning in Frameworks */ = {isa = PBXBuildFile; productRef = 3CF0DB7C29A8B5F800CE05E3 /* ARPositioning */; };
/* End PBXBuildFile section */

/* Begin PBXContainerItemProxy section */
		3CF0DB5C29A8B4D300CE05E3 /* PBXContainerItemProxy */ = {
			isa = PBXContainerItemProxy;
			containerPortal = 3CF0DB3E29A8B4D200CE05E3 /* Project object */;
			proxyType = 1;
			remoteGlobalIDString = 3CF0DB4529A8B4D200CE05E3;
			remoteInfo = ARPositioningLibraryUsageExample;
		};
		3CF0DB6629A8B4D300CE05E3 /* PBXContainerItemProxy */ = {
			isa = PBXContainerItemProxy;
			containerPortal = 3CF0DB3E29A8B4D200CE05E3 /* Project object */;
			proxyType = 1;
			remoteGlobalIDString = 3CF0DB4529A8B4D200CE05E3;
			remoteInfo = ARPositioningLibraryUsageExample;
		};
/* End PBXContainerItemProxy section */

/* Begin PBXFileReference section */
		3C8D204629A8C62900A95BC4 /* ARPositioning */ = {isa = PBXFileReference; lastKnownFileType = wrapper; name = ARPositioning; path = ../../../LibreriaSessione/ARPositioningGitLab/ARPositioning; sourceTree = "<group>"; };
		3CF0DB4629A8B4D200CE05E3 /* ARPositioningLibraryUsageExample.app */ = {isa = PBXFileReference; explicitFileType = wrapper.application; includeInIndex = 0; path = ARPositioningLibraryUsageExample.app; sourceTree = BUILT_PRODUCTS_DIR; };
		3CF0DB4929A8B4D200CE05E3 /* AppDelegate.swift */ = {isa = PBXFileReference; lastKnownFileType = sourcecode.swift; path = AppDelegate.swift; sourceTree = "<group>"; };
		3CF0DB4B29A8B4D200CE05E3 /* ViewController.swift */ = {isa = PBXFileReference; lastKnownFileType = sourcecode.swift; path = ViewController.swift; sourceTree = "<group>"; };
		3CF0DB4D29A8B4D200CE05E3 /* Experience.rcproject */ = {isa = PBXFileReference; lastKnownFileType = file.rcproject; path = Experience.rcproject; sourceTree = "<group>"; };
		3CF0DB5029A8B4D200CE05E3 /* Base */ = {isa = PBXFileReference; lastKnownFileType = file.storyboard; name = Base; path = Base.lproj/Main.storyboard; sourceTree = "<group>"; };
		3CF0DB5229A8B4D300CE05E3 /* Assets.xcassets */ = {isa = PBXFileReference; lastKnownFileType = folder.assetcatalog; path = Assets.xcassets; sourceTree = "<group>"; };
		3CF0DB5529A8B4D300CE05E3 /* Base */ = {isa = PBXFileReference; lastKnownFileType = file.storyboard; name = Base; path = Base.lproj/LaunchScreen.storyboard; sourceTree = "<group>"; };
		3CF0DB5B29A8B4D300CE05E3 /* ARPositioningLibraryUsageExampleTests.xctest */ = {isa = PBXFileReference; explicitFileType = wrapper.cfbundle; includeInIndex = 0; path = ARPositioningLibraryUsageExampleTests.xctest; sourceTree = BUILT_PRODUCTS_DIR; };
		3CF0DB6529A8B4D300CE05E3 /* ARPositioningLibraryUsageExampleUITests.xctest */ = {isa = PBXFileReference; explicitFileType = wrapper.cfbundle; includeInIndex = 0; path = ARPositioningLibraryUsageExampleUITests.xctest; sourceTree = BUILT_PRODUCTS_DIR; };
/* End PBXFileReference section */

/* Begin PBXFrameworksBuildPhase section */
		3CF0DB4329A8B4D200CE05E3 /* Frameworks */ = {
			isa = PBXFrameworksBuildPhase;
			buildActionMask = 2147483647;
			files = (
				3CF0DB7D29A8B5F800CE05E3 /* ARPositioning in Frameworks */,
			);
			runOnlyForDeploymentPostprocessing = 0;
		};
		3CF0DB5829A8B4D300CE05E3 /* Frameworks */ = {
			isa = PBXFrameworksBuildPhase;
			buildActionMask = 2147483647;
			files = (
			);
			runOnlyForDeploymentPostprocessing = 0;
		};
		3CF0DB6229A8B4D300CE05E3 /* Frameworks */ = {
			isa = PBXFrameworksBuildPhase;
			buildActionMask = 2147483647;
			files = (
			);
			runOnlyForDeploymentPostprocessing = 0;
		};
/* End PBXFrameworksBuildPhase section */

/* Begin PBXGroup section */
		3C8D204529A8C62900A95BC4 /* Packages */ = {
			isa = PBXGroup;
			children = (
				3C8D204629A8C62900A95BC4 /* ARPositioning */,
			);
			name = Packages;
			sourceTree = "<group>";
		};
		3CF0DB3D29A8B4D200CE05E3 = {
			isa = PBXGroup;
			children = (
				3C8D204529A8C62900A95BC4 /* Packages */,
				3CF0DB4829A8B4D200CE05E3 /* ARPositioningLibraryUsageExample */,
				3CF0DB4729A8B4D200CE05E3 /* Products */,
				3CF0DB7B29A8B5F800CE05E3 /* Frameworks */,
			);
			sourceTree = "<group>";
		};
		3CF0DB4729A8B4D200CE05E3 /* Products */ = {
			isa = PBXGroup;
			children = (
				3CF0DB4629A8B4D200CE05E3 /* ARPositioningLibraryUsageExample.app */,
				3CF0DB5B29A8B4D300CE05E3 /* ARPositioningLibraryUsageExampleTests.xctest */,
				3CF0DB6529A8B4D300CE05E3 /* ARPositioningLibraryUsageExampleUITests.xctest */,
			);
			name = Products;
			sourceTree = "<group>";
		};
		3CF0DB4829A8B4D200CE05E3 /* ARPositioningLibraryUsageExample */ = {
			isa = PBXGroup;
			children = (
				3CF0DB4929A8B4D200CE05E3 /* AppDelegate.swift */,
				3CF0DB4B29A8B4D200CE05E3 /* ViewController.swift */,
				3CF0DB4D29A8B4D200CE05E3 /* Experience.rcproject */,
				3CF0DB4F29A8B4D200CE05E3 /* Main.storyboard */,
				3CF0DB5229A8B4D300CE05E3 /* Assets.xcassets */,
				3CF0DB5429A8B4D300CE05E3 /* LaunchScreen.storyboard */,
			);
			path = ARPositioningLibraryUsageExample;
			sourceTree = "<group>";
		};
		3CF0DB7B29A8B5F800CE05E3 /* Frameworks */ = {
			isa = PBXGroup;
			children = (
			);
			name = Frameworks;
			sourceTree = "<group>";
		};
/* End PBXGroup section */

/* Begin PBXNativeTarget section */
		3CF0DB4529A8B4D200CE05E3 /* ARPositioningLibraryUsageExample */ = {
			isa = PBXNativeTarget;
			buildConfigurationList = 3CF0DB6F29A8B4D300CE05E3 /* Build configuration list for PBXNativeTarget "ARPositioningLibraryUsageExample" */;
			buildPhases = (
				3CF0DB4229A8B4D200CE05E3 /* Sources */,
				3CF0DB4329A8B4D200CE05E3 /* Frameworks */,
				3CF0DB4429A8B4D200CE05E3 /* Resources */,
			);
			buildRules = (
			);
			dependencies = (
			);
			name = ARPositioningLibraryUsageExample;
			packageProductDependencies = (
				3CF0DB7C29A8B5F800CE05E3 /* ARPositioning */,
			);
			productName = ARPositioningLibraryUsageExample;
			productReference = 3CF0DB4629A8B4D200CE05E3 /* ARPositioningLibraryUsageExample.app */;
			productType = "com.apple.product-type.application";
		};
		3CF0DB5A29A8B4D300CE05E3 /* ARPositioningLibraryUsageExampleTests */ = {
			isa = PBXNativeTarget;
			buildConfigurationList = 3CF0DB7229A8B4D300CE05E3 /* Build configuration list for PBXNativeTarget "ARPositioningLibraryUsageExampleTests" */;
			buildPhases = (
				3CF0DB5729A8B4D300CE05E3 /* Sources */,
				3CF0DB5829A8B4D300CE05E3 /* Frameworks */,
				3CF0DB5929A8B4D300CE05E3 /* Resources */,
			);
			buildRules = (
			);
			dependencies = (
				3CF0DB5D29A8B4D300CE05E3 /* PBXTargetDependency */,
			);
			name = ARPositioningLibraryUsageExampleTests;
			productName = ARPositioningLibraryUsageExampleTests;
			productReference = 3CF0DB5B29A8B4D300CE05E3 /* ARPositioningLibraryUsageExampleTests.xctest */;
			productType = "com.apple.product-type.bundle.unit-test";
		};
		3CF0DB6429A8B4D300CE05E3 /* ARPositioningLibraryUsageExampleUITests */ = {
			isa = PBXNativeTarget;
			buildConfigurationList = 3CF0DB7529A8B4D300CE05E3 /* Build configuration list for PBXNativeTarget "ARPositioningLibraryUsageExampleUITests" */;
			buildPhases = (
				3CF0DB6129A8B4D300CE05E3 /* Sources */,
				3CF0DB6229A8B4D300CE05E3 /* Frameworks */,
				3CF0DB6329A8B4D300CE05E3 /* Resources */,
			);
			buildRules = (
			);
			dependencies = (
				3CF0DB6729A8B4D300CE05E3 /* PBXTargetDependency */,
			);
			name = ARPositioningLibraryUsageExampleUITests;
			productName = ARPositioningLibraryUsageExampleUITests;
			productReference = 3CF0DB6529A8B4D300CE05E3 /* ARPositioningLibraryUsageExampleUITests.xctest */;
			productType = "com.apple.product-type.bundle.ui-testing";
		};
/* End PBXNativeTarget section */

/* Begin PBXProject section */
		3CF0DB3E29A8B4D200CE05E3 /* Project object */ = {
			isa = PBXProject;
			attributes = {
				BuildIndependentTargetsInParallel = 1;
				LastSwiftUpdateCheck = 1420;
				LastUpgradeCheck = 1420;
				TargetAttributes = {
					3CF0DB4529A8B4D200CE05E3 = {
						CreatedOnToolsVersion = 14.2;
					};
					3CF0DB5A29A8B4D300CE05E3 = {
						CreatedOnToolsVersion = 14.2;
						TestTargetID = 3CF0DB4529A8B4D200CE05E3;
					};
					3CF0DB6429A8B4D300CE05E3 = {
						CreatedOnToolsVersion = 14.2;
						TestTargetID = 3CF0DB4529A8B4D200CE05E3;
					};
				};
			};
			buildConfigurationList = 3CF0DB4129A8B4D200CE05E3 /* Build configuration list for PBXProject "ARPositioningLibraryUsageExample" */;
			compatibilityVersion = "Xcode 14.0";
			developmentRegion = en;
			hasScannedForEncodings = 0;
			knownRegions = (
				en,
				Base,
			);
			mainGroup = 3CF0DB3D29A8B4D200CE05E3;
			productRefGroup = 3CF0DB4729A8B4D200CE05E3 /* Products */;
			projectDirPath = "";
			projectRoot = "";
			targets = (
				3CF0DB4529A8B4D200CE05E3 /* ARPositioningLibraryUsageExample */,
				3CF0DB5A29A8B4D300CE05E3 /* ARPositioningLibraryUsageExampleTests */,
				3CF0DB6429A8B4D300CE05E3 /* ARPositioningLibraryUsageExampleUITests */,
			);
		};
/* End PBXProject section */

/* Begin PBXResourcesBuildPhase section */
		3CF0DB4429A8B4D200CE05E3 /* Resources */ = {
			isa = PBXResourcesBuildPhase;
			buildActionMask = 2147483647;
			files = (
				3CF0DB5629A8B4D300CE05E3 /* LaunchScreen.storyboard in Resources */,
				3CF0DB5329A8B4D300CE05E3 /* Assets.xcassets in Resources */,
				3CF0DB5129A8B4D200CE05E3 /* Main.storyboard in Resources */,
			);
			runOnlyForDeploymentPostprocessing = 0;
		};
		3CF0DB5929A8B4D300CE05E3 /* Resources */ = {
			isa = PBXResourcesBuildPhase;
			buildActionMask = 2147483647;
			files = (
			);
			runOnlyForDeploymentPostprocessing = 0;
		};
		3CF0DB6329A8B4D300CE05E3 /* Resources */ = {
			isa = PBXResourcesBuildPhase;
			buildActionMask = 2147483647;
			files = (
			);
			runOnlyForDeploymentPostprocessing = 0;
		};
/* End PBXResourcesBuildPhase section */

/* Begin PBXSourcesBuildPhase section */
		3CF0DB4229A8B4D200CE05E3 /* Sources */ = {
			isa = PBXSourcesBuildPhase;
			buildActionMask = 2147483647;
			files = (
				3CF0DB4C29A8B4D200CE05E3 /* ViewController.swift in Sources */,
				3CF0DB4A29A8B4D200CE05E3 /* AppDelegate.swift in Sources */,
				3CF0DB4E29A8B4D200CE05E3 /* Experience.rcproject in Sources */,
			);
			runOnlyForDeploymentPostprocessing = 0;
		};
		3CF0DB5729A8B4D300CE05E3 /* Sources */ = {
			isa = PBXSourcesBuildPhase;
			buildActionMask = 2147483647;
			files = (
			);
			runOnlyForDeploymentPostprocessing = 0;
		};
		3CF0DB6129A8B4D300CE05E3 /* Sources */ = {
			isa = PBXSourcesBuildPhase;
			buildActionMask = 2147483647;
			files = (
			);
			runOnlyForDeploymentPostprocessing = 0;
		};
/* End PBXSourcesBuildPhase section */

/* Begin PBXTargetDependency section */
		3CF0DB5D29A8B4D300CE05E3 /* PBXTargetDependency */ = {
			isa = PBXTargetDependency;
			target = 3CF0DB4529A8B4D200CE05E3 /* ARPositioningLibraryUsageExample */;
			targetProxy = 3CF0DB5C29A8B4D300CE05E3 /* PBXContainerItemProxy */;
		};
		3CF0DB6729A8B4D300CE05E3 /* PBXTargetDependency */ = {
			isa = PBXTargetDependency;
			target = 3CF0DB4529A8B4D200CE05E3 /* ARPositioningLibraryUsageExample */;
			targetProxy = 3CF0DB6629A8B4D300CE05E3 /* PBXContainerItemProxy */;
		};
/* End PBXTargetDependency section */

/* Begin PBXVariantGroup section */
		3CF0DB4F29A8B4D200CE05E3 /* Main.storyboard */ = {
			isa = PBXVariantGroup;
			children = (
				3CF0DB5029A8B4D200CE05E3 /* Base */,
			);
			name = Main.storyboard;
			sourceTree = "<group>";
		};
		3CF0DB5429A8B4D300CE05E3 /* LaunchScreen.storyboard */ = {
			isa = PBXVariantGroup;
			children = (
				3CF0DB5529A8B4D300CE05E3 /* Base */,
			);
			name = LaunchScreen.storyboard;
			sourceTree = "<group>";
		};
/* End PBXVariantGroup section */

/* Begin XCBuildConfiguration section */
		3CF0DB6D29A8B4D300CE05E3 /* Debug */ = {
			isa = XCBuildConfiguration;
			buildSettings = {
				ALWAYS_SEARCH_USER_PATHS = NO;
				CLANG_ANALYZER_NONNULL = YES;
				CLANG_ANALYZER_NUMBER_OBJECT_CONVERSION = YES_AGGRESSIVE;
				CLANG_CXX_LANGUAGE_STANDARD = "gnu++20";
				CLANG_ENABLE_MODULES = YES;
				CLANG_ENABLE_OBJC_ARC = YES;
				CLANG_ENABLE_OBJC_WEAK = YES;
				CLANG_WARN_BLOCK_CAPTURE_AUTORELEASING = YES;
				CLANG_WARN_BOOL_CONVERSION = YES;
				CLANG_WARN_COMMA = YES;
				CLANG_WARN_CONSTANT_CONVERSION = YES;
				CLANG_WARN_DEPRECATED_OBJC_IMPLEMENTATIONS = YES;
				CLANG_WARN_DIRECT_OBJC_ISA_USAGE = YES_ERROR;
				CLANG_WARN_DOCUMENTATION_COMMENTS = YES;
				CLANG_WARN_EMPTY_BODY = YES;
				CLANG_WARN_ENUM_CONVERSION = YES;
				CLANG_WARN_INFINITE_RECURSION = YES;
				CLANG_WARN_INT_CONVERSION = YES;
				CLANG_WARN_NON_LITERAL_NULL_CONVERSION = YES;
				CLANG_WARN_OBJC_IMPLICIT_RETAIN_SELF = YES;
				CLANG_WARN_OBJC_LITERAL_CONVERSION = YES;
				CLANG_WARN_OBJC_ROOT_CLASS = YES_ERROR;
				CLANG_WARN_QUOTED_INCLUDE_IN_FRAMEWORK_HEADER = YES;
				CLANG_WARN_RANGE_LOOP_ANALYSIS = YES;
				CLANG_WARN_STRICT_PROTOTYPES = YES;
				CLANG_WARN_SUSPICIOUS_MOVE = YES;
				CLANG_WARN_UNGUARDED_AVAILABILITY = YES_AGGRESSIVE;
				CLANG_WARN_UNREACHABLE_CODE = YES;
				CLANG_WARN__DUPLICATE_METHOD_MATCH = YES;
				COPY_PHASE_STRIP = NO;
				DEBUG_INFORMATION_FORMAT = dwarf;
				ENABLE_STRICT_OBJC_MSGSEND = YES;
				ENABLE_TESTABILITY = YES;
				GCC_C_LANGUAGE_STANDARD = gnu11;
				GCC_DYNAMIC_NO_PIC = NO;
				GCC_NO_COMMON_BLOCKS = YES;
				GCC_OPTIMIZATION_LEVEL = 0;
				GCC_PREPROCESSOR_DEFINITIONS = (
					"DEBUG=1",
					"$(inherited)",
				);
				GCC_WARN_64_TO_32_BIT_CONVERSION = YES;
				GCC_WARN_ABOUT_RETURN_TYPE = YES_ERROR;
				GCC_WARN_UNDECLARED_SELECTOR = YES;
				GCC_WARN_UNINITIALIZED_AUTOS = YES_AGGRESSIVE;
				GCC_WARN_UNUSED_FUNCTION = YES;
				GCC_WARN_UNUSED_VARIABLE = YES;
				IPHONEOS_DEPLOYMENT_TARGET = 16.2;
				MTL_ENABLE_DEBUG_INFO = INCLUDE_SOURCE;
				MTL_FAST_MATH = YES;
				ONLY_ACTIVE_ARCH = YES;
				SDKROOT = iphoneos;
				SWIFT_ACTIVE_COMPILATION_CONDITIONS = DEBUG;
				SWIFT_OPTIMIZATION_LEVEL = "-Onone";
			};
			name = Debug;
		};
		3CF0DB6E29A8B4D300CE05E3 /* Release */ = {
			isa = XCBuildConfiguration;
			buildSettings = {
				ALWAYS_SEARCH_USER_PATHS = NO;
				CLANG_ANALYZER_NONNULL = YES;
				CLANG_ANALYZER_NUMBER_OBJECT_CONVERSION = YES_AGGRESSIVE;
				CLANG_CXX_LANGUAGE_STANDARD = "gnu++20";
				CLANG_ENABLE_MODULES = YES;
				CLANG_ENABLE_OBJC_ARC = YES;
				CLANG_ENABLE_OBJC_WEAK = YES;
				CLANG_WARN_BLOCK_CAPTURE_AUTORELEASING = YES;
				CLANG_WARN_BOOL_CONVERSION = YES;
				CLANG_WARN_COMMA = YES;
				CLANG_WARN_CONSTANT_CONVERSION = YES;
				CLANG_WARN_DEPRECATED_OBJC_IMPLEMENTATIONS = YES;
				CLANG_WARN_DIRECT_OBJC_ISA_USAGE = YES_ERROR;
				CLANG_WARN_DOCUMENTATION_COMMENTS = YES;
				CLANG_WARN_EMPTY_BODY = YES;
				CLANG_WARN_ENUM_CONVERSION = YES;
				CLANG_WARN_INFINITE_RECURSION = YES;
				CLANG_WARN_INT_CONVERSION = YES;
				CLANG_WARN_NON_LITERAL_NULL_CONVERSION = YES;
				CLANG_WARN_OBJC_IMPLICIT_RETAIN_SELF = YES;
				CLANG_WARN_OBJC_LITERAL_CONVERSION = YES;
				CLANG_WARN_OBJC_ROOT_CLASS = YES_ERROR;
				CLANG_WARN_QUOTED_INCLUDE_IN_FRAMEWORK_HEADER = YES;
				CLANG_WARN_RANGE_LOOP_ANALYSIS = YES;
				CLANG_WARN_STRICT_PROTOTYPES = YES;
				CLANG_WARN_SUSPICIOUS_MOVE = YES;
				CLANG_WARN_UNGUARDED_AVAILABILITY = YES_AGGRESSIVE;
				CLANG_WARN_UNREACHABLE_CODE = YES;
				CLANG_WARN__DUPLICATE_METHOD_MATCH = YES;
				COPY_PHASE_STRIP = NO;
				DEBUG_INFORMATION_FORMAT = "dwarf-with-dsym";
				ENABLE_NS_ASSERTIONS = NO;
				ENABLE_STRICT_OBJC_MSGSEND = YES;
				GCC_C_LANGUAGE_STANDARD = gnu11;
				GCC_NO_COMMON_BLOCKS = YES;
				GCC_WARN_64_TO_32_BIT_CONVERSION = YES;
				GCC_WARN_ABOUT_RETURN_TYPE = YES_ERROR;
				GCC_WARN_UNDECLARED_SELECTOR = YES;
				GCC_WARN_UNINITIALIZED_AUTOS = YES_AGGRESSIVE;
				GCC_WARN_UNUSED_FUNCTION = YES;
				GCC_WARN_UNUSED_VARIABLE = YES;
				IPHONEOS_DEPLOYMENT_TARGET = 16.2;
				MTL_ENABLE_DEBUG_INFO = NO;
				MTL_FAST_MATH = YES;
				SDKROOT = iphoneos;
				SWIFT_COMPILATION_MODE = wholemodule;
				SWIFT_OPTIMIZATION_LEVEL = "-O";
				VALIDATE_PRODUCT = YES;
			};
			name = Release;
		};
		3CF0DB7029A8B4D300CE05E3 /* Debug */ = {
			isa = XCBuildConfiguration;
			buildSettings = {
				ASSETCATALOG_COMPILER_APPICON_NAME = AppIcon;
				ASSETCATALOG_COMPILER_GLOBAL_ACCENT_COLOR_NAME = AccentColor;
				CODE_SIGN_STYLE = Automatic;
				CURRENT_PROJECT_VERSION = 1;
				DEVELOPMENT_TEAM = 2UR93PZBC9;
				GENERATE_INFOPLIST_FILE = YES;
				INFOPLIST_KEY_NSCameraUsageDescription = "";
				INFOPLIST_KEY_UIApplicationSupportsIndirectInputEvents = YES;
				INFOPLIST_KEY_UILaunchStoryboardName = LaunchScreen;
				INFOPLIST_KEY_UIMainStoryboardFile = Main;
				INFOPLIST_KEY_UIRequiredDeviceCapabilities = arkit;
				INFOPLIST_KEY_UIStatusBarHidden = YES;
				INFOPLIST_KEY_UISupportedInterfaceOrientations_iPad = "UIInterfaceOrientationPortrait UIInterfaceOrientationPortraitUpsideDown UIInterfaceOrientationLandscapeLeft UIInterfaceOrientationLandscapeRight";
				INFOPLIST_KEY_UISupportedInterfaceOrientations_iPhone = "UIInterfaceOrientationPortrait UIInterfaceOrientationLandscapeLeft UIInterfaceOrientationLandscapeRight";
				IPHONEOS_DEPLOYMENT_TARGET = 16.0;
				LD_RUNPATH_SEARCH_PATHS = (
					"$(inherited)",
					"@executable_path/Frameworks",
				);
				MARKETING_VERSION = 1.0;
				PRODUCT_BUNDLE_IDENTIFIER = pietro.ARPositioningLibraryUsageExample;
				PRODUCT_NAME = "$(TARGET_NAME)";
				SWIFT_EMIT_LOC_STRINGS = YES;
				SWIFT_VERSION = 5.0;
				TARGETED_DEVICE_FAMILY = "1,2";
			};
			name = Debug;
		};
		3CF0DB7129A8B4D300CE05E3 /* Release */ = {
			isa = XCBuildConfiguration;
			buildSettings = {
				ASSETCATALOG_COMPILER_APPICON_NAME = AppIcon;
				ASSETCATALOG_COMPILER_GLOBAL_ACCENT_COLOR_NAME = AccentColor;
				CODE_SIGN_STYLE = Automatic;
				CURRENT_PROJECT_VERSION = 1;
				DEVELOPMENT_TEAM = 2UR93PZBC9;
				GENERATE_INFOPLIST_FILE = YES;
				INFOPLIST_KEY_NSCameraUsageDescription = "";
				INFOPLIST_KEY_UIApplicationSupportsIndirectInputEvents = YES;
				INFOPLIST_KEY_UILaunchStoryboardName = LaunchScreen;
				INFOPLIST_KEY_UIMainStoryboardFile = Main;
				INFOPLIST_KEY_UIRequiredDeviceCapabilities = arkit;
				INFOPLIST_KEY_UIStatusBarHidden = YES;
				INFOPLIST_KEY_UISupportedInterfaceOrientations_iPad = "UIInterfaceOrientationPortrait UIInterfaceOrientationPortraitUpsideDown UIInterfaceOrientationLandscapeLeft UIInterfaceOrientationLandscapeRight";
				INFOPLIST_KEY_UISupportedInterfaceOrientations_iPhone = "UIInterfaceOrientationPortrait UIInterfaceOrientationLandscapeLeft UIInterfaceOrientationLandscapeRight";
				IPHONEOS_DEPLOYMENT_TARGET = 16.0;
				LD_RUNPATH_SEARCH_PATHS = (
					"$(inherited)",
					"@executable_path/Frameworks",
				);
				MARKETING_VERSION = 1.0;
				PRODUCT_BUNDLE_IDENTIFIER = pietro.ARPositioningLibraryUsageExample;
				PRODUCT_NAME = "$(TARGET_NAME)";
				SWIFT_EMIT_LOC_STRINGS = YES;
				SWIFT_VERSION = 5.0;
				TARGETED_DEVICE_FAMILY = "1,2";
			};
			name = Release;
		};
		3CF0DB7329A8B4D300CE05E3 /* Debug */ = {
			isa = XCBuildConfiguration;
			buildSettings = {
				ALWAYS_EMBED_SWIFT_STANDARD_LIBRARIES = YES;
				BUNDLE_LOADER = "$(TEST_HOST)";
				CODE_SIGN_STYLE = Automatic;
				CURRENT_PROJECT_VERSION = 1;
				DEVELOPMENT_TEAM = 2UR93PZBC9;
				GENERATE_INFOPLIST_FILE = YES;
				IPHONEOS_DEPLOYMENT_TARGET = 16.2;
				MARKETING_VERSION = 1.0;
				PRODUCT_BUNDLE_IDENTIFIER = pietro.ARPositioningLibraryUsageExampleTests;
				PRODUCT_NAME = "$(TARGET_NAME)";
				SWIFT_EMIT_LOC_STRINGS = NO;
				SWIFT_VERSION = 5.0;
				TARGETED_DEVICE_FAMILY = "1,2";
				TEST_HOST = "$(BUILT_PRODUCTS_DIR)/ARPositioningLibraryUsageExample.app/$(BUNDLE_EXECUTABLE_FOLDER_PATH)/ARPositioningLibraryUsageExample";
			};
			name = Debug;
		};
		3CF0DB7429A8B4D300CE05E3 /* Release */ = {
			isa = XCBuildConfiguration;
			buildSettings = {
				ALWAYS_EMBED_SWIFT_STANDARD_LIBRARIES = YES;
				BUNDLE_LOADER = "$(TEST_HOST)";
				CODE_SIGN_STYLE = Automatic;
				CURRENT_PROJECT_VERSION = 1;
				DEVELOPMENT_TEAM = 2UR93PZBC9;
				GENERATE_INFOPLIST_FILE = YES;
				IPHONEOS_DEPLOYMENT_TARGET = 16.2;
				MARKETING_VERSION = 1.0;
				PRODUCT_BUNDLE_IDENTIFIER = pietro.ARPositioningLibraryUsageExampleTests;
				PRODUCT_NAME = "$(TARGET_NAME)";
				SWIFT_EMIT_LOC_STRINGS = NO;
				SWIFT_VERSION = 5.0;
				TARGETED_DEVICE_FAMILY = "1,2";
				TEST_HOST = "$(BUILT_PRODUCTS_DIR)/ARPositioningLibraryUsageExample.app/$(BUNDLE_EXECUTABLE_FOLDER_PATH)/ARPositioningLibraryUsageExample";
			};
			name = Release;
		};
		3CF0DB7629A8B4D300CE05E3 /* Debug */ = {
			isa = XCBuildConfiguration;
			buildSettings = {
				ALWAYS_EMBED_SWIFT_STANDARD_LIBRARIES = YES;
				CODE_SIGN_STYLE = Automatic;
				CURRENT_PROJECT_VERSION = 1;
				DEVELOPMENT_TEAM = 2UR93PZBC9;
				GENERATE_INFOPLIST_FILE = YES;
				MARKETING_VERSION = 1.0;
				PRODUCT_BUNDLE_IDENTIFIER = pietro.ARPositioningLibraryUsageExampleUITests;
				PRODUCT_NAME = "$(TARGET_NAME)";
				SWIFT_EMIT_LOC_STRINGS = NO;
				SWIFT_VERSION = 5.0;
				TARGETED_DEVICE_FAMILY = "1,2";
				TEST_TARGET_NAME = ARPositioningLibraryUsageExample;
			};
			name = Debug;
		};
		3CF0DB7729A8B4D300CE05E3 /* Release */ = {
			isa = XCBuildConfiguration;
			buildSettings = {
				ALWAYS_EMBED_SWIFT_STANDARD_LIBRARIES = YES;
				CODE_SIGN_STYLE = Automatic;
				CURRENT_PROJECT_VERSION = 1;
				DEVELOPMENT_TEAM = 2UR93PZBC9;
				GENERATE_INFOPLIST_FILE = YES;
				MARKETING_VERSION = 1.0;
				PRODUCT_BUNDLE_IDENTIFIER = pietro.ARPositioningLibraryUsageExampleUITests;
				PRODUCT_NAME = "$(TARGET_NAME)";
				SWIFT_EMIT_LOC_STRINGS = NO;
				SWIFT_VERSION = 5.0;
				TARGETED_DEVICE_FAMILY = "1,2";
				TEST_TARGET_NAME = ARPositioningLibraryUsageExample;
			};
			name = Release;
		};
/* End XCBuildConfiguration section */

/* Begin XCConfigurationList section */
		3CF0DB4129A8B4D200CE05E3 /* Build configuration list for PBXProject "ARPositioningLibraryUsageExample" */ = {
			isa = XCConfigurationList;
			buildConfigurations = (
				3CF0DB6D29A8B4D300CE05E3 /* Debug */,
				3CF0DB6E29A8B4D300CE05E3 /* Release */,
			);
			defaultConfigurationIsVisible = 0;
			defaultConfigurationName = Release;
		};
		3CF0DB6F29A8B4D300CE05E3 /* Build configuration list for PBXNativeTarget "ARPositioningLibraryUsageExample" */ = {
			isa = XCConfigurationList;
			buildConfigurations = (
				3CF0DB7029A8B4D300CE05E3 /* Debug */,
				3CF0DB7129A8B4D300CE05E3 /* Release */,
			);
			defaultConfigurationIsVisible = 0;
			defaultConfigurationName = Release;
		};
		3CF0DB7229A8B4D300CE05E3 /* Build configuration list for PBXNativeTarget "ARPositioningLibraryUsageExampleTests" */ = {
			isa = XCConfigurationList;
			buildConfigurations = (
				3CF0DB7329A8B4D300CE05E3 /* Debug */,
				3CF0DB7429A8B4D300CE05E3 /* Release */,
			);
			defaultConfigurationIsVisible = 0;
			defaultConfigurationName = Release;
		};
		3CF0DB7529A8B4D300CE05E3 /* Build configuration list for PBXNativeTarget "ARPositioningLibraryUsageExampleUITests" */ = {
			isa = XCConfigurationList;
			buildConfigurations = (
				3CF0DB7629A8B4D300CE05E3 /* Debug */,
				3CF0DB7729A8B4D300CE05E3 /* Release */,
			);
			defaultConfigurationIsVisible = 0;
			defaultConfigurationName = Release;
		};
/* End XCConfigurationList section */

/* Begin XCSwiftPackageProductDependency section */
		3CF0DB7C29A8B5F800CE05E3 /* ARPositioning */ = {
			isa = XCSwiftPackageProductDependency;
			productName = ARPositioning;
		};
/* End XCSwiftPackageProductDependency section */
	};
	rootObject = 3CF0DB3E29A8B4D200CE05E3 /* Project object */;
}
